
Microsoft Visual Studio Solution File, Format Version 12.00
# Visual Studio Version 17
VisualStudioVersion = 17.8.34330.188
MinimumVisualStudioVersion = 10.0.40219.1
Project("{FAE04EC0-301F-11D3-BF4B-00C04F79EFBC}") = "thread", "thread\thread.csproj", "{8C764D17-CBFA-4B6E-BAA4-793C342D476C}"
EndProject
Global
	GlobalSection(SolutionConfigurationPlatforms) = preSolution
		Debug|Any CPU = Debug|Any CPU
		Release|Any CPU = Release|Any CPU
	EndGlobalSection
	GlobalSection(ProjectConfigurationPlatforms) = postSolution
		{8C764D17-CBFA-4B6E-BAA4-793C342D476C}.Debug|Any CPU.ActiveCfg = Debug|Any CPU
		{8C764D17-CBFA-4B6E-BAA4-793C342D476C}.Debug|Any CPU.Build.0 = Debug|Any CPU
		{8C764D17-CBFA-4B6E-BAA4-793C342D476C}.Release|Any CPU.ActiveCfg = Release|Any CPU
		{8C764D17-CBFA-4B6E-BAA4-793C342D476C}.Release|Any CPU.Build.0 = Release|Any CPU
	EndGlobalSection
	GlobalSection(SolutionProperties) = preSolution
		HideSolutionNode = FALSE
	EndGlobalSection
	GlobalSection(ExtensibilityGlobals) = postSolution
		SolutionGuid = {C1C1D20E-4545-429D-BB2A-523337339FA0}
	EndGlobalSection
EndGlobal
